
Microsoft Visual Studio Solution File, Format Version 12.00
# Visual Studio Version 16
VisualStudioVersion = 16.0.30711.63
MinimumVisualStudioVersion = 10.0.40219.1
Project("{9A19103F-16F7-4668-BE54-9A1E7A4F7556}") = "ProductManagement.Data", "ProductManagement.Data\ProductManagement.Data.csproj", "{FEC87383-4969-48CC-89D3-11292965D633}"
EndProject
Project("{9A19103F-16F7-4668-BE54-9A1E7A4F7556}") = "ProductManagement.MVC", "ProductManagement.MVC\ProductManagement.MVC.csproj", "{0D03CC9F-071B-481B-8D33-F8E73B091E17}"
EndProject
Global
	GlobalSection(SolutionConfigurationPlatforms) = preSolution
		Debug|Any CPU = Debug|Any CPU
		Release|Any CPU = Release|Any CPU
	EndGlobalSection
	GlobalSection(ProjectConfigurationPlatforms) = postSolution
		{FEC87383-4969-48CC-89D3-11292965D633}.Debug|Any CPU.ActiveCfg = Debug|Any CPU
		{FEC87383-4969-48CC-89D3-11292965D633}.Debug|Any CPU.Build.0 = Debug|Any CPU
		{FEC87383-4969-48CC-89D3-11292965D633}.Release|Any CPU.ActiveCfg = Release|Any CPU
		{FEC87383-4969-48CC-89D3-11292965D633}.Release|Any CPU.Build.0 = Release|Any CPU
		{0D03CC9F-071B-481B-8D33-F8E73B091E17}.Debug|Any CPU.ActiveCfg = Debug|Any CPU
		{0D03CC9F-071B-481B-8D33-F8E73B091E17}.Debug|Any CPU.Build.0 = Debug|Any CPU
		{0D03CC9F-071B-481B-8D33-F8E73B091E17}.Release|Any CPU.ActiveCfg = Release|Any CPU
		{0D03CC9F-071B-481B-8D33-F8E73B091E17}.Release|Any CPU.Build.0 = Release|Any CPU
	EndGlobalSection
	GlobalSection(SolutionProperties) = preSolution
		HideSolutionNode = FALSE
	EndGlobalSection
	GlobalSection(ExtensibilityGlobals) = postSolution
		SolutionGuid = {A984472A-6EF0-420B-97B1-6DD054751B2A}
	EndGlobalSection
EndGlobal
